
Microsoft Visual Studio Solution File, Format Version 12.00
# Visual Studio 15
VisualStudioVersion = 15.0.28010.2036
MinimumVisualStudioVersion = 10.0.40219.1
Project("{FAE04EC0-301F-11D3-BF4B-00C04F79EFBC}") = "Homework1", "Homework1\Homework1.csproj", "{335987FA-2C7B-4E4E-A236-D7950531BD81}"
EndProject
Global
	GlobalSection(SolutionConfigurationPlatforms) = preSolution
		Debug|Any CPU = Debug|Any CPU
		Release|Any CPU = Release|Any CPU
	EndGlobalSection
	GlobalSection(ProjectConfigurationPlatforms) = postSolution
		{335987FA-2C7B-4E4E-A236-D7950531BD81}.Debug|Any CPU.ActiveCfg = Debug|Any CPU
		{335987FA-2C7B-4E4E-A236-D7950531BD81}.Debug|Any CPU.Build.0 = Debug|Any CPU
		{335987FA-2C7B-4E4E-A236-D7950531BD81}.Release|Any CPU.ActiveCfg = Release|Any CPU
		{335987FA-2C7B-4E4E-A236-D7950531BD81}.Release|Any CPU.Build.0 = Release|Any CPU
	EndGlobalSection
	GlobalSection(SolutionProperties) = preSolution
		HideSolutionNode = FALSE
	EndGlobalSection
	GlobalSection(ExtensibilityGlobals) = postSolution
		SolutionGuid = {E5D3DF76-6BBE-46D7-89A1-77E1914E8E40}
	EndGlobalSection
EndGlobal
